
Microsoft Visual Studio Solution File, Format Version 12.00
# Visual Studio Version 17
VisualStudioVersion = 17.10.35201.131
MinimumVisualStudioVersion = 10.0.40219.1
Project("{FAE04EC0-301F-11D3-BF4B-00C04F79EFBC}") = "PCTFFM", "PCTFFM.csproj", "{2E592940-B210-4E87-810A-64B9E5F43D0C}"
EndProject
Global
	GlobalSection(SolutionConfigurationPlatforms) = preSolution
		Debug|Any CPU = Debug|Any CPU
		Release|Any CPU = Release|Any CPU
	EndGlobalSection
	GlobalSection(ProjectConfigurationPlatforms) = postSolution
		{2E592940-B210-4E87-810A-64B9E5F43D0C}.Debug|Any CPU.ActiveCfg = Debug|Any CPU
		{2E592940-B210-4E87-810A-64B9E5F43D0C}.Debug|Any CPU.Build.0 = Debug|Any CPU
		{2E592940-B210-4E87-810A-64B9E5F43D0C}.Release|Any CPU.ActiveCfg = Release|Any CPU
		{2E592940-B210-4E87-810A-64B9E5F43D0C}.Release|Any CPU.Build.0 = Release|Any CPU
	EndGlobalSection
	GlobalSection(SolutionProperties) = preSolution
		HideSolutionNode = FALSE
	EndGlobalSection
	GlobalSection(ExtensibilityGlobals) = postSolution
		SolutionGuid = {66D1D231-E059-4E7F-9FFE-CEBC7840697D}
	EndGlobalSection
EndGlobal
